
Microsoft Visual Studio Solution File, Format Version 12.00
# Visual Studio Version 17
VisualStudioVersion = 17.0.32126.317
MinimumVisualStudioVersion = 10.0.40219.1
Project("{9A19103F-16F7-4668-BE54-9A1E7A4F7556}") = "CodeBehind.TiroCurto.AutoMapper", "CodeBehind.TiroCurto.AutoMapper\CodeBehind.TiroCurto.AutoMapper.csproj", "{8978D8FB-809B-430F-84FC-F28ED64B58FD}"
EndProject
Project("{9A19103F-16F7-4668-BE54-9A1E7A4F7556}") = "CodeBehind.TiroCurto.InvokeApi", "CodeBehind.TiroCurto.InvokeApi\CodeBehind.TiroCurto.InvokeApi.csproj", "{7D5BC08B-2A84-4CCA-8D7B-50945B7002CB}"
EndProject
Project("{9A19103F-16F7-4668-BE54-9A1E7A4F7556}") = "CodeBehind.TiroCurto.Repeticao", "CodeBehind.TiroCurto.Repeticao\CodeBehind.TiroCurto.Repeticao.csproj", "{1A67A8E7-A142-4F83-A53B-91E868068D06}"
EndProject
Project("{9A19103F-16F7-4668-BE54-9A1E7A4F7556}") = "CodeBehind.TiroCurto.Loteria", "CodeBehind.TiroCurto.Loteria\CodeBehind.TiroCurto.Loteria.csproj", "{E2BF79FE-7BCB-4B4F-A722-154F14EA0D79}"
EndProject
Project("{9A19103F-16F7-4668-BE54-9A1E7A4F7556}") = "CodeBehind.TiroCurto.MensageriaCoelho", "CodeBehind.TiroCurto.MensageriaCoelho\CodeBehind.TiroCurto.MensageriaCoelho.csproj", "{7BC9C87A-6887-45FC-B21A-CAAD71395088}"
EndProject
Project("{9A19103F-16F7-4668-BE54-9A1E7A4F7556}") = "CodeBehind.TiroCurto.MensageriaCoelho.Ouvir", "CodeBehind.TiroCurto.MensageriaCoelho.Ouvir\CodeBehind.TiroCurto.MensageriaCoelho.Ouvir.csproj", "{98BB57BD-679D-4ED0-9FED-7EC5798CDBDB}"
EndProject
Project("{2150E333-8FDC-42A3-9474-1A3956D46DE8}") = "RabbitMQ", "RabbitMQ", "{D1704C7D-EE49-47DC-9E12-9E7B7064626E}"
EndProject
Project("{9A19103F-16F7-4668-BE54-9A1E7A4F7556}") = "CodeBehind.TiroCurto.Servico", "CodeBehind.TiroCurto.Servico\CodeBehind.TiroCurto.Servico.csproj", "{28F7262D-77DD-49F8-8F3E-A064EB1936B5}"
EndProject
Project("{9A19103F-16F7-4668-BE54-9A1E7A4F7556}") = "CodeBehind.TiroCurto.Util", "CodeBehind.TiroCurto.Util\CodeBehind.TiroCurto.Util.csproj", "{60F56725-D562-438E-AEE6-DC4008549DF0}"
EndProject
Project("{2150E333-8FDC-42A3-9474-1A3956D46DE8}") = "Game", "Game", "{9DBBA637-24F0-4A1B-A4A8-0118280E953C}"
EndProject
Project("{FAE04EC0-301F-11D3-BF4B-00C04F79EFBC}") = "CodeBehind.TiroCurto.Game", "CodeBehind.TiroCurto.Game\CodeBehind.TiroCurto.Game.csproj", "{DF9E07E5-F9DF-4922-889F-9F249064C6F3}"
EndProject
Project("{2150E333-8FDC-42A3-9474-1A3956D46DE8}") = "Azure", "Azure", "{87E0A454-9C4B-4794-84D5-BA35CF897547}"
EndProject
Project("{9A19103F-16F7-4668-BE54-9A1E7A4F7556}") = "CodeBehind.TiroCurto.Azure.Mensageria", "CodeBehind.TiroCurto.Azure.Mensageria\CodeBehind.TiroCurto.Azure.Mensageria.csproj", "{E297A045-2D6E-4D27-9235-C94EA31F680F}"
EndProject
Project("{9A19103F-16F7-4668-BE54-9A1E7A4F7556}") = "CodeBehind.TiroCurto.Azure.Funcao", "CodeBehind.TiroCurto.Azure.Funcao\CodeBehind.TiroCurto.Azure.Funcao.csproj", "{9D12232E-6B27-4D37-8CB5-AB318B93CCC9}"
EndProject
Project("{9A19103F-16F7-4668-BE54-9A1E7A4F7556}") = "CodeBehind.TiroCurto.ChatOnline", "CodeBehind.TiroCurto.ChatOnline\CodeBehind.TiroCurto.ChatOnline.csproj", "{F55FCF51-92C6-40D4-BDDA-5D58F7738FCD}"
EndProject
Project("{2150E333-8FDC-42A3-9474-1A3956D46DE8}") = "Servicos", "Servicos", "{5E14FA93-A1E8-4956-BBD0-9EF5988297D2}"
EndProject
Project("{9A19103F-16F7-4668-BE54-9A1E7A4F7556}") = "CodeBehind.TiroCurto.ServicoNativo", "CodeBehind.TiroCurto.ServicoNativo\CodeBehind.TiroCurto.ServicoNativo.csproj", "{30623A46-0596-4223-9F74-4FAE96C2124F}"
EndProject
Project("{9A19103F-16F7-4668-BE54-9A1E7A4F7556}") = "CodeBehind.TiroCurto.ServicoComRelogio", "CodeBehind.TiroCurto.ServicoComRelogio\CodeBehind.TiroCurto.ServicoComRelogio.csproj", "{3D7AC3C7-9158-43F3-ACF1-250D52AF72F6}"
EndProject
Project("{9A19103F-16F7-4668-BE54-9A1E7A4F7556}") = "CodeBehind.TiroCurto.PendureFogo", "CodeBehind.TiroCurto.PendureFogo\CodeBehind.TiroCurto.PendureFogo.csproj", "{EFCC6341-A531-4DAE-B091-B318B5FC3380}"
EndProject
Project("{9A19103F-16F7-4668-BE54-9A1E7A4F7556}") = "CodeBehind.TiroCurto.Retentativa", "CodeBehind.TiroCurto.Retentativa\CodeBehind.TiroCurto.Retentativa.csproj", "{CB469D13-C85F-4CBA-8A84-A40D05ECADD1}"
EndProject
Project("{9A19103F-16F7-4668-BE54-9A1E7A4F7556}") = "CodeBehind.TiroCurto.UrnaEletronica", "CodeBehind.TiroCurto.UrnaEletronica\CodeBehind.TiroCurto.UrnaEletronica.csproj", "{2EC49280-E05C-4577-8F48-05CCC89CEC7B}"
EndProject
Project("{9A19103F-16F7-4668-BE54-9A1E7A4F7556}") = "CodeBehind.TiroCurto.Seguranca", "CodeBehind.TiroCurto.Seguranca\CodeBehind.TiroCurto.Seguranca.csproj", "{832196F5-04F6-4A1A-89ED-AEC103CF0F59}"
EndProject
Project("{2150E333-8FDC-42A3-9474-1A3956D46DE8}") = "Injecao", "Injecao", "{87CF4FD8-C86B-4E59-A12A-FBEED6A1BBD0}"
EndProject
Project("{FAE04EC0-301F-11D3-BF4B-00C04F79EFBC}") = "CodeBehind.TiroCurto.Injecao.Ninja", "CodeBehind.TiroCurto.Injecao.Ninja\CodeBehind.TiroCurto.Injecao.Ninja.csproj", "{1D35E3B1-665F-44CA-9895-4276376430B9}"
EndProject
Project("{FAE04EC0-301F-11D3-BF4B-00C04F79EFBC}") = "CodeBehind.TiroCurto.Injecao.Unidade", "CodeBehind.TiroCurto.Injecao.Unidade\CodeBehind.TiroCurto.Injecao.Unidade.csproj", "{4D878D58-2073-4555-BC0E-B82B2B438C6A}"
EndProject
Project("{9A19103F-16F7-4668-BE54-9A1E7A4F7556}") = "CodeBehind.TiroCurto.Injecao.Nativo", "CodeBehind.TiroCurto.Injecao.Nativo\CodeBehind.TiroCurto.Injecao.Nativo.csproj", "{A83C2E7A-DD3A-4B5C-AB14-9685065D5294}"
EndProject
Project("{FAE04EC0-301F-11D3-BF4B-00C04F79EFBC}") = "CodeBehind.TiroCurto.Injecao.Estrutura", "CodeBehind.TiroCurto.Injecao.Estrutura\CodeBehind.TiroCurto.Injecao.Estrutura.csproj", "{B4D86FBC-1993-4D3C-98A5-FAD66DA04007}"
EndProject
Project("{9A19103F-16F7-4668-BE54-9A1E7A4F7556}") = "CodeBehind.TiroCurto.CNABDemo", "CodeBehind.TiroCurto.CNABDemo\CodeBehind.TiroCurto.CNABDemo.csproj", "{BD1BD097-E522-4B18-A2EE-F13AF776DEDB}"
EndProject
Project("{FAE04EC0-301F-11D3-BF4B-00C04F79EFBC}") = "CodeBehind.TiroCurto.Conciliacao", "CodeBehind.TiroCurto.Conciliacao\CodeBehind.TiroCurto.Conciliacao.csproj", "{4FECBA86-2B89-4B43-8225-4D47C28D4AE7}"
EndProject
Global
	GlobalSection(SolutionConfigurationPlatforms) = preSolution
		Debug|Any CPU = Debug|Any CPU
		Release|Any CPU = Release|Any CPU
	EndGlobalSection
	GlobalSection(ProjectConfigurationPlatforms) = postSolution
		{8978D8FB-809B-430F-84FC-F28ED64B58FD}.Debug|Any CPU.ActiveCfg = Debug|Any CPU
		{8978D8FB-809B-430F-84FC-F28ED64B58FD}.Debug|Any CPU.Build.0 = Debug|Any CPU
		{8978D8FB-809B-430F-84FC-F28ED64B58FD}.Release|Any CPU.ActiveCfg = Release|Any CPU
		{8978D8FB-809B-430F-84FC-F28ED64B58FD}.Release|Any CPU.Build.0 = Release|Any CPU
		{7D5BC08B-2A84-4CCA-8D7B-50945B7002CB}.Debug|Any CPU.ActiveCfg = Debug|Any CPU
		{7D5BC08B-2A84-4CCA-8D7B-50945B7002CB}.Debug|Any CPU.Build.0 = Debug|Any CPU
		{7D5BC08B-2A84-4CCA-8D7B-50945B7002CB}.Release|Any CPU.ActiveCfg = Release|Any CPU
		{7D5BC08B-2A84-4CCA-8D7B-50945B7002CB}.Release|Any CPU.Build.0 = Release|Any CPU
		{1A67A8E7-A142-4F83-A53B-91E868068D06}.Debug|Any CPU.ActiveCfg = Debug|Any CPU
		{1A67A8E7-A142-4F83-A53B-91E868068D06}.Debug|Any CPU.Build.0 = Debug|Any CPU
		{1A67A8E7-A142-4F83-A53B-91E868068D06}.Release|Any CPU.ActiveCfg = Release|Any CPU
		{1A67A8E7-A142-4F83-A53B-91E868068D06}.Release|Any CPU.Build.0 = Release|Any CPU
		{E2BF79FE-7BCB-4B4F-A722-154F14EA0D79}.Debug|Any CPU.ActiveCfg = Debug|Any CPU
		{E2BF79FE-7BCB-4B4F-A722-154F14EA0D79}.Debug|Any CPU.Build.0 = Debug|Any CPU
		{E2BF79FE-7BCB-4B4F-A722-154F14EA0D79}.Release|Any CPU.ActiveCfg = Release|Any CPU
		{E2BF79FE-7BCB-4B4F-A722-154F14EA0D79}.Release|Any CPU.Build.0 = Release|Any CPU
		{7BC9C87A-6887-45FC-B21A-CAAD71395088}.Debug|Any CPU.ActiveCfg = Debug|Any CPU
		{7BC9C87A-6887-45FC-B21A-CAAD71395088}.Debug|Any CPU.Build.0 = Debug|Any CPU
		{7BC9C87A-6887-45FC-B21A-CAAD71395088}.Release|Any CPU.ActiveCfg = Release|Any CPU
		{7BC9C87A-6887-45FC-B21A-CAAD71395088}.Release|Any CPU.Build.0 = Release|Any CPU
		{98BB57BD-679D-4ED0-9FED-7EC5798CDBDB}.Debug|Any CPU.ActiveCfg = Debug|Any CPU
		{98BB57BD-679D-4ED0-9FED-7EC5798CDBDB}.Debug|Any CPU.Build.0 = Debug|Any CPU
		{98BB57BD-679D-4ED0-9FED-7EC5798CDBDB}.Release|Any CPU.ActiveCfg = Release|Any CPU
		{98BB57BD-679D-4ED0-9FED-7EC5798CDBDB}.Release|Any CPU.Build.0 = Release|Any CPU
		{28F7262D-77DD-49F8-8F3E-A064EB1936B5}.Debug|Any CPU.ActiveCfg = Debug|Any CPU
		{28F7262D-77DD-49F8-8F3E-A064EB1936B5}.Debug|Any CPU.Build.0 = Debug|Any CPU
		{28F7262D-77DD-49F8-8F3E-A064EB1936B5}.Release|Any CPU.ActiveCfg = Release|Any CPU
		{28F7262D-77DD-49F8-8F3E-A064EB1936B5}.Release|Any CPU.Build.0 = Release|Any CPU
		{60F56725-D562-438E-AEE6-DC4008549DF0}.Debug|Any CPU.ActiveCfg = Debug|Any CPU
		{60F56725-D562-438E-AEE6-DC4008549DF0}.Debug|Any CPU.Build.0 = Debug|Any CPU
		{60F56725-D562-438E-AEE6-DC4008549DF0}.Release|Any CPU.ActiveCfg = Release|Any CPU
		{60F56725-D562-438E-AEE6-DC4008549DF0}.Release|Any CPU.Build.0 = Release|Any CPU
		{DF9E07E5-F9DF-4922-889F-9F249064C6F3}.Debug|Any CPU.ActiveCfg = Debug|Any CPU
		{DF9E07E5-F9DF-4922-889F-9F249064C6F3}.Debug|Any CPU.Build.0 = Debug|Any CPU
		{DF9E07E5-F9DF-4922-889F-9F249064C6F3}.Release|Any CPU.ActiveCfg = Release|Any CPU
		{DF9E07E5-F9DF-4922-889F-9F249064C6F3}.Release|Any CPU.Build.0 = Release|Any CPU
		{E297A045-2D6E-4D27-9235-C94EA31F680F}.Debug|Any CPU.ActiveCfg = Debug|Any CPU
		{E297A045-2D6E-4D27-9235-C94EA31F680F}.Debug|Any CPU.Build.0 = Debug|Any CPU
		{E297A045-2D6E-4D27-9235-C94EA31F680F}.Release|Any CPU.ActiveCfg = Release|Any CPU
		{E297A045-2D6E-4D27-9235-C94EA31F680F}.Release|Any CPU.Build.0 = Release|Any CPU
		{9D12232E-6B27-4D37-8CB5-AB318B93CCC9}.Debug|Any CPU.ActiveCfg = Debug|Any CPU
		{9D12232E-6B27-4D37-8CB5-AB318B93CCC9}.Debug|Any CPU.Build.0 = Debug|Any CPU
		{9D12232E-6B27-4D37-8CB5-AB318B93CCC9}.Release|Any CPU.ActiveCfg = Release|Any CPU
		{9D12232E-6B27-4D37-8CB5-AB318B93CCC9}.Release|Any CPU.Build.0 = Release|Any CPU
		{F55FCF51-92C6-40D4-BDDA-5D58F7738FCD}.Debug|Any CPU.ActiveCfg = Debug|Any CPU
		{F55FCF51-92C6-40D4-BDDA-5D58F7738FCD}.Debug|Any CPU.Build.0 = Debug|Any CPU
		{F55FCF51-92C6-40D4-BDDA-5D58F7738FCD}.Release|Any CPU.ActiveCfg = Release|Any CPU
		{F55FCF51-92C6-40D4-BDDA-5D58F7738FCD}.Release|Any CPU.Build.0 = Release|Any CPU
		{30623A46-0596-4223-9F74-4FAE96C2124F}.Debug|Any CPU.ActiveCfg = Debug|Any CPU
		{30623A46-0596-4223-9F74-4FAE96C2124F}.Debug|Any CPU.Build.0 = Debug|Any CPU
		{30623A46-0596-4223-9F74-4FAE96C2124F}.Release|Any CPU.ActiveCfg = Release|Any CPU
		{30623A46-0596-4223-9F74-4FAE96C2124F}.Release|Any CPU.Build.0 = Release|Any CPU
		{3D7AC3C7-9158-43F3-ACF1-250D52AF72F6}.Debug|Any CPU.ActiveCfg = Debug|Any CPU
		{3D7AC3C7-9158-43F3-ACF1-250D52AF72F6}.Debug|Any CPU.Build.0 = Debug|Any CPU
		{3D7AC3C7-9158-43F3-ACF1-250D52AF72F6}.Release|Any CPU.ActiveCfg = Release|Any CPU
		{3D7AC3C7-9158-43F3-ACF1-250D52AF72F6}.Release|Any CPU.Build.0 = Release|Any CPU
		{EFCC6341-A531-4DAE-B091-B318B5FC3380}.Debug|Any CPU.ActiveCfg = Debug|Any CPU
		{EFCC6341-A531-4DAE-B091-B318B5FC3380}.Debug|Any CPU.Build.0 = Debug|Any CPU
		{EFCC6341-A531-4DAE-B091-B318B5FC3380}.Release|Any CPU.ActiveCfg = Release|Any CPU
		{EFCC6341-A531-4DAE-B091-B318B5FC3380}.Release|Any CPU.Build.0 = Release|Any CPU
		{CB469D13-C85F-4CBA-8A84-A40D05ECADD1}.Debug|Any CPU.ActiveCfg = Debug|Any CPU
		{CB469D13-C85F-4CBA-8A84-A40D05ECADD1}.Debug|Any CPU.Build.0 = Debug|Any CPU
		{CB469D13-C85F-4CBA-8A84-A40D05ECADD1}.Release|Any CPU.ActiveCfg = Release|Any CPU
		{CB469D13-C85F-4CBA-8A84-A40D05ECADD1}.Release|Any CPU.Build.0 = Release|Any CPU
		{2EC49280-E05C-4577-8F48-05CCC89CEC7B}.Debug|Any CPU.ActiveCfg = Debug|Any CPU
		{2EC49280-E05C-4577-8F48-05CCC89CEC7B}.Debug|Any CPU.Build.0 = Debug|Any CPU
		{2EC49280-E05C-4577-8F48-05CCC89CEC7B}.Release|Any CPU.ActiveCfg = Release|Any CPU
		{2EC49280-E05C-4577-8F48-05CCC89CEC7B}.Release|Any CPU.Build.0 = Release|Any CPU
		{832196F5-04F6-4A1A-89ED-AEC103CF0F59}.Debug|Any CPU.ActiveCfg = Debug|Any CPU
		{832196F5-04F6-4A1A-89ED-AEC103CF0F59}.Debug|Any CPU.Build.0 = Debug|Any CPU
		{832196F5-04F6-4A1A-89ED-AEC103CF0F59}.Release|Any CPU.ActiveCfg = Release|Any CPU
		{832196F5-04F6-4A1A-89ED-AEC103CF0F59}.Release|Any CPU.Build.0 = Release|Any CPU
		{1D35E3B1-665F-44CA-9895-4276376430B9}.Debug|Any CPU.ActiveCfg = Debug|Any CPU
		{1D35E3B1-665F-44CA-9895-4276376430B9}.Debug|Any CPU.Build.0 = Debug|Any CPU
		{1D35E3B1-665F-44CA-9895-4276376430B9}.Release|Any CPU.ActiveCfg = Release|Any CPU
		{1D35E3B1-665F-44CA-9895-4276376430B9}.Release|Any CPU.Build.0 = Release|Any CPU
		{4D878D58-2073-4555-BC0E-B82B2B438C6A}.Debug|Any CPU.ActiveCfg = Debug|Any CPU
		{4D878D58-2073-4555-BC0E-B82B2B438C6A}.Debug|Any CPU.Build.0 = Debug|Any CPU
		{4D878D58-2073-4555-BC0E-B82B2B438C6A}.Release|Any CPU.ActiveCfg = Release|Any CPU
		{4D878D58-2073-4555-BC0E-B82B2B438C6A}.Release|Any CPU.Build.0 = Release|Any CPU
		{A83C2E7A-DD3A-4B5C-AB14-9685065D5294}.Debug|Any CPU.ActiveCfg = Debug|Any CPU
		{A83C2E7A-DD3A-4B5C-AB14-9685065D5294}.Debug|Any CPU.Build.0 = Debug|Any CPU
		{A83C2E7A-DD3A-4B5C-AB14-9685065D5294}.Release|Any CPU.ActiveCfg = Release|Any CPU
		{A83C2E7A-DD3A-4B5C-AB14-9685065D5294}.Release|Any CPU.Build.0 = Release|Any CPU
		{B4D86FBC-1993-4D3C-98A5-FAD66DA04007}.Debug|Any CPU.ActiveCfg = Debug|Any CPU
		{B4D86FBC-1993-4D3C-98A5-FAD66DA04007}.Debug|Any CPU.Build.0 = Debug|Any CPU
		{B4D86FBC-1993-4D3C-98A5-FAD66DA04007}.Release|Any CPU.ActiveCfg = Release|Any CPU
		{B4D86FBC-1993-4D3C-98A5-FAD66DA04007}.Release|Any CPU.Build.0 = Release|Any CPU
		{BD1BD097-E522-4B18-A2EE-F13AF776DEDB}.Debug|Any CPU.ActiveCfg = Debug|Any CPU
		{BD1BD097-E522-4B18-A2EE-F13AF776DEDB}.Debug|Any CPU.Build.0 = Debug|Any CPU
		{BD1BD097-E522-4B18-A2EE-F13AF776DEDB}.Release|Any CPU.ActiveCfg = Release|Any CPU
		{BD1BD097-E522-4B18-A2EE-F13AF776DEDB}.Release|Any CPU.Build.0 = Release|Any CPU
		{4FECBA86-2B89-4B43-8225-4D47C28D4AE7}.Debug|Any CPU.ActiveCfg = Debug|Any CPU
		{4FECBA86-2B89-4B43-8225-4D47C28D4AE7}.Debug|Any CPU.Build.0 = Debug|Any CPU
		{4FECBA86-2B89-4B43-8225-4D47C28D4AE7}.Release|Any CPU.ActiveCfg = Release|Any CPU
		{4FECBA86-2B89-4B43-8225-4D47C28D4AE7}.Release|Any CPU.Build.0 = Release|Any CPU
	EndGlobalSection
	GlobalSection(SolutionProperties) = preSolution
		HideSolutionNode = FALSE
	EndGlobalSection
	GlobalSection(NestedProjects) = preSolution
		{7BC9C87A-6887-45FC-B21A-CAAD71395088} = {D1704C7D-EE49-47DC-9E12-9E7B7064626E}
		{98BB57BD-679D-4ED0-9FED-7EC5798CDBDB} = {D1704C7D-EE49-47DC-9E12-9E7B7064626E}
		{DF9E07E5-F9DF-4922-889F-9F249064C6F3} = {9DBBA637-24F0-4A1B-A4A8-0118280E953C}
		{E297A045-2D6E-4D27-9235-C94EA31F680F} = {87E0A454-9C4B-4794-84D5-BA35CF897547}
		{9D12232E-6B27-4D37-8CB5-AB318B93CCC9} = {87E0A454-9C4B-4794-84D5-BA35CF897547}
		{30623A46-0596-4223-9F74-4FAE96C2124F} = {5E14FA93-A1E8-4956-BBD0-9EF5988297D2}
		{3D7AC3C7-9158-43F3-ACF1-250D52AF72F6} = {5E14FA93-A1E8-4956-BBD0-9EF5988297D2}
		{EFCC6341-A531-4DAE-B091-B318B5FC3380} = {5E14FA93-A1E8-4956-BBD0-9EF5988297D2}
		{1D35E3B1-665F-44CA-9895-4276376430B9} = {87CF4FD8-C86B-4E59-A12A-FBEED6A1BBD0}
		{4D878D58-2073-4555-BC0E-B82B2B438C6A} = {87CF4FD8-C86B-4E59-A12A-FBEED6A1BBD0}
		{A83C2E7A-DD3A-4B5C-AB14-9685065D5294} = {87CF4FD8-C86B-4E59-A12A-FBEED6A1BBD0}
		{B4D86FBC-1993-4D3C-98A5-FAD66DA04007} = {87CF4FD8-C86B-4E59-A12A-FBEED6A1BBD0}
	EndGlobalSection
	GlobalSection(ExtensibilityGlobals) = postSolution
		SolutionGuid = {36B5D1C9-E29B-4B78-AD82-01D012EEA18A}
	EndGlobalSection
EndGlobal
